<?xml version="1.0" encoding="utf-8"?>
<Project ToolsVersion="4.0" xmlns="http://schemas.microsoft.com/developer/msbuild/2003">
  <ItemGroup>
    <ClCompile Include="UIManager.cpp">
      <Filter>Sources\Managers</Filter>
    </ClCompile>
    <ClCompile Include="LevelManager.cpp">
      <Filter>Sources\Managers</Filter>
    </ClCompile>
    <ClCompile Include="GameManager.cpp">
      <Filter>Sources\Managers</Filter>
    </ClCompile>
    <ClCompile Include="BaseApplication.cpp">
      <Filter>Sources\Managers</Filter>
    </ClCompile>
    <ClCompile Include="ItemManager.cpp">
      <Filter>Sources\Managers</Filter>
    </ClCompile>
    <ClCompile Include="GenericFSM.cpp">
      <Filter>Sources\Finite State Machines</Filter>
    </ClCompile>
    <ClCompile Include="TestFSM.cpp">
      <Filter>Sources\Finite State Machines</Filter>
    </ClCompile>
    <ClCompile Include="IdleState.cpp">
      <Filter>Sources\Finite State Machines\States</Filter>
    </ClCompile>
    <ClCompile Include="State.cpp">
      <Filter>Sources\Finite State Machines\States</Filter>
    </ClCompile>
    <ClCompile Include="QuestItemContainer.cpp">
      <Filter>Sources\Quest\QuestContent</Filter>
    </ClCompile>
    <ClCompile Include="QuestItemGenerator.cpp">
      <Filter>Sources\Quest\QuestContent</Filter>
    </ClCompile>
    <ClCompile Include="QuestContentManager.cpp">
      <Filter>Sources\Quest\QuestContent</Filter>
    </ClCompile>
    <ClCompile Include="tinyxml2.cpp">
      <Filter>Sources</Filter>
    </ClCompile>
    <ClCompile Include="LevelGenerator.cpp">
      <Filter>Sources\LevelGeneration</Filter>
    </ClCompile>
    <ClCompile Include="City.cpp">
      <Filter>Sources\LevelGeneration</Filter>
    </ClCompile>
    <ClCompile Include="Zone.cpp">
      <Filter>Sources\LevelGeneration</Filter>
    </ClCompile>
    <ClCompile Include="Tree.cpp">
      <Filter>Sources\TreeDatastructure</Filter>
    </ClCompile>
    <ClCompile Include="TreeNode.cpp">
      <Filter>Sources\TreeDatastructure</Filter>
    </ClCompile>
    <ClCompile Include="GenericContainer.cpp">
      <Filter>Sources\Quest\QuestContent</Filter>
    </ClCompile>
    <ClCompile Include="QuestManager.cpp">
      <Filter>Sources\Quest</Filter>
    </ClCompile>
    <ClCompile Include="ActionContainer.cpp">
      <Filter>Sources\Quest</Filter>
    </ClCompile>
    <ClCompile Include="StrategyContainer.cpp">
      <Filter>Sources\Quest</Filter>
    </ClCompile>
    <ClCompile Include="BaseNpc.cpp">
      <Filter>Sources\Characters</Filter>
    </ClCompile>
    <ClCompile Include="BasicEnemy.cpp">
      <Filter>Sources\Characters</Filter>
    </ClCompile>
    <ClCompile Include="Character.cpp">
      <Filter>Sources\Characters</Filter>
    </ClCompile>
    <ClCompile Include="CharacterSpawner.cpp">
      <Filter>Sources\Characters</Filter>
    </ClCompile>
    <ClCompile Include="FloatRange.cpp">
      <Filter>Sources\Characters</Filter>
    </ClCompile>
    <ClCompile Include="Npc.cpp">
      <Filter>Sources\Characters</Filter>
    </ClCompile>
    <ClCompile Include="Player.cpp">
      <Filter>Sources\Characters</Filter>
    </ClCompile>
  </ItemGroup>
  <ItemGroup>
    <ClInclude Include="UIManager.h">
      <Filter>Headers\Managers</Filter>
    </ClInclude>
    <ClInclude Include="LevelManager.h">
      <Filter>Headers\Managers</Filter>
    </ClInclude>
    <ClInclude Include="BaseApplication.h">
      <Filter>Headers\Managers</Filter>
    </ClInclude>
    <ClInclude Include="GameManager.h">
      <Filter>Headers\Managers</Filter>
    </ClInclude>
    <ClInclude Include="ItemManager.h">
      <Filter>Headers\Managers</Filter>
    </ClInclude>
    <ClInclude Include="resource.h" />
    <ClInclude Include="GenericFSM.h">
      <Filter>Headers\States</Filter>
    </ClInclude>
    <ClInclude Include="State.h">
      <Filter>Headers\States</Filter>
    </ClInclude>
    <ClInclude Include="TestFSM.h">
      <Filter>Headers\States</Filter>
    </ClInclude>
    <ClInclude Include="IdleState.h">
      <Filter>Headers\States</Filter>
    </ClInclude>
    <ClInclude Include="Needs.h">
      <Filter>Headers\Needs</Filter>
    </ClInclude>
    <ClInclude Include="QuestItem.h">
      <Filter>Headers\Quests\QuestContent</Filter>
    </ClInclude>
    <ClInclude Include="QuestContentManager.h">
      <Filter>Headers\Quests\QuestContent</Filter>
    </ClInclude>
    <ClInclude Include="QuestItemGenerator.h">
      <Filter>Headers\Quests\QuestContent</Filter>
    </ClInclude>
    <ClInclude Include="QuestItemContainer.h">
      <Filter>Headers\Quests\QuestContent</Filter>
    </ClInclude>
    <ClInclude Include="BaseQuestItem.h">
      <Filter>Headers\Quests\QuestContent</Filter>
    </ClInclude>
    <ClInclude Include="tinyxml2.h">
      <Filter>Headers</Filter>
    </ClInclude>
    <ClInclude Include="Zone.h">
      <Filter>Headers\LevelGeneration</Filter>
    </ClInclude>
    <ClInclude Include="LevelGenerator.h">
      <Filter>Headers\LevelGeneration</Filter>
    </ClInclude>
    <ClInclude Include="City.h">
      <Filter>Headers\LevelGeneration</Filter>
    </ClInclude>
    <ClInclude Include="Tree.h">
      <Filter>Headers\TreeDatastructure</Filter>
    </ClInclude>
    <ClInclude Include="TreeNode.h">
      <Filter>Headers\TreeDatastructure</Filter>
    </ClInclude>
    <ClInclude Include="QuestManager.h">
      <Filter>Headers\Quests</Filter>
    </ClInclude>
    <ClInclude Include="IQuestContent.h">
      <Filter>Headers\Quests\QuestContent</Filter>
    </ClInclude>
    <ClInclude Include="BaseNpc.h">
      <Filter>Headers\Characters</Filter>
    </ClInclude>
    <ClInclude Include="BasicEnemy.h">
      <Filter>Headers\Characters</Filter>
    </ClInclude>
    <ClInclude Include="Character.h">
      <Filter>Headers\Characters</Filter>
    </ClInclude>
    <ClInclude Include="CharacterSpawner.h">
      <Filter>Headers\Characters</Filter>
    </ClInclude>
    <ClInclude Include="Npc.h">
      <Filter>Headers\Characters</Filter>
    </ClInclude>
    <ClInclude Include="Player.h">
      <Filter>Headers\Characters</Filter>
    </ClInclude>
    <ClInclude Include="Action.h">
      <Filter>Headers\Quests\QuestParts</Filter>
    </ClInclude>
    <ClInclude Include="ActionContainer.h">
      <Filter>Headers\Quests\QuestParts</Filter>
    </ClInclude>
    <ClInclude Include="Strategy.h">
      <Filter>Headers\Quests\QuestParts</Filter>
    </ClInclude>
    <ClInclude Include="StrategyContainer.h">
      <Filter>Headers\Quests\QuestParts</Filter>
    </ClInclude>
    <ClInclude Include="GenericContainer.h">
      <Filter>Headers\Quests\QuestParts</Filter>
    </ClInclude>
  </ItemGroup>
  <ItemGroup>
    <None Include="GameObjStandard.cg" />
    <None Include="Resources\materials\scripts\UI.material" />
    <None Include="Resources\materials\textures\greenBox.jpg" />
    <None Include="Resources\materials\textures\greyBox.jpg" />
    <None Include="Resources\materials\textures\yellowBox.jpg" />
    <None Include="testMaterial.material" />
    <None Include="DialogText.txt" />
    <None Include="ClassDiagram.cd" />
  </ItemGroup>
  <ItemGroup>
    <Filter Include="Headers">
      <UniqueIdentifier>{ba6bcfdd-646e-451c-a5b8-ba792be3b0f3}</UniqueIdentifier>
    </Filter>
    <Filter Include="Sources">
      <UniqueIdentifier>{45d97e07-f55c-450d-9e53-280d9c82188a}</UniqueIdentifier>
    </Filter>
    <Filter Include="Sources\Managers">
      <UniqueIdentifier>{cd111b08-fc3b-484f-83c8-95e2f1401686}</UniqueIdentifier>
    </Filter>
    <Filter Include="Headers\Managers">
      <UniqueIdentifier>{a6f4ae2c-c966-4d22-a76c-f36d11010b43}</UniqueIdentifier>
    </Filter>
    <Filter Include="Headers\Needs">
      <UniqueIdentifier>{6e9bfbbe-52d5-4f0b-b346-6cf303ea85a3}</UniqueIdentifier>
    </Filter>
    <Filter Include="Sources\LevelGeneration">
      <UniqueIdentifier>{4496d5fd-f0d4-4d38-823d-210e643542b6}</UniqueIdentifier>
    </Filter>
    <Filter Include="Headers\LevelGeneration">
      <UniqueIdentifier>{1a4bad47-ce67-4c37-a4af-db1eb930b8c5}</UniqueIdentifier>
    </Filter>
    <Filter Include="Headers\TreeDatastructure">
      <UniqueIdentifier>{f6751de5-7943-4b62-9e2a-36ed8343b8f6}</UniqueIdentifier>
    </Filter>
    <Filter Include="Sources\TreeDatastructure">
      <UniqueIdentifier>{99432b15-230d-40ae-8f8d-eb742dc805a4}</UniqueIdentifier>
    </Filter>
    <Filter Include="Headers\States">
      <UniqueIdentifier>{08a08f48-5a8f-443d-9cc6-cb465548c300}</UniqueIdentifier>
    </Filter>
    <Filter Include="Sources\Finite State Machines">
      <UniqueIdentifier>{73632fde-c065-45a0-9305-62f918fd890a}</UniqueIdentifier>
    </Filter>
    <Filter Include="Sources\Finite State Machines\States">
      <UniqueIdentifier>{102eacb0-6164-45d4-a63e-7666afb991ca}</UniqueIdentifier>
    </Filter>
    <Filter Include="Headers\Quests">
      <UniqueIdentifier>{951eede9-628a-441b-864b-128e3329c271}</UniqueIdentifier>
    </Filter>
    <Filter Include="Headers\Quests\QuestContent">
      <UniqueIdentifier>{00e4bb5e-9f04-498a-ad5e-7802f8e9a5f2}</UniqueIdentifier>
    </Filter>
    <Filter Include="Headers\Characters">
      <UniqueIdentifier>{1b52370f-9b0e-4558-ac66-2da619f60e8d}</UniqueIdentifier>
    </Filter>
    <Filter Include="Headers\Quests\QuestParts">
      <UniqueIdentifier>{8f45cf93-133b-4cce-b1e7-dbbd72aa1c03}</UniqueIdentifier>
    </Filter>
    <Filter Include="Sources\Quest">
      <UniqueIdentifier>{68e2ae05-104f-4c19-bfa1-66b75cd2c6b3}</UniqueIdentifier>
    </Filter>
    <Filter Include="Sources\Quest\QuestContent">
      <UniqueIdentifier>{941f42a8-19a0-45a9-9d67-1dba844f3563}</UniqueIdentifier>
    </Filter>
    <Filter Include="Sources\Characters">
      <UniqueIdentifier>{68400f4b-a3b9-4d34-80e7-855e867963eb}</UniqueIdentifier>
    </Filter>
  </ItemGroup>
  <ItemGroup>
    <ResourceCompile Include="Diabro.rc" />
  </ItemGroup>
</Project>