<?xml version="1.0" encoding="utf-8"?>
<Project ToolsVersion="4.0" xmlns="http://schemas.microsoft.com/developer/msbuild/2003">
  <ItemGroup>
    <ClCompile Include="UIManager.cpp">
      <Filter>Sources\Managers</Filter>
    </ClCompile>
    <ClCompile Include="LevelManager.cpp">
      <Filter>Sources\Managers</Filter>
    </ClCompile>
    <ClCompile Include="GameManager.cpp">
      <Filter>Sources\Managers</Filter>
    </ClCompile>
    <ClCompile Include="BaseApplication.cpp">
      <Filter>Sources\Managers</Filter>
    </ClCompile>
    <ClCompile Include="QuestItemContainer.cpp">
      <Filter>Sources\Quest\QuestContent</Filter>
    </ClCompile>
    <ClCompile Include="QuestItemGenerator.cpp">
      <Filter>Sources\Quest\QuestContent</Filter>
    </ClCompile>
    <ClCompile Include="QuestContentManager.cpp">
      <Filter>Sources\Quest\QuestContent</Filter>
    </ClCompile>
    <ClCompile Include="tinyxml2.cpp">
      <Filter>Sources</Filter>
    </ClCompile>
    <ClCompile Include="LevelGenerator.cpp">
      <Filter>Sources\LevelGeneration</Filter>
    </ClCompile>
    <ClCompile Include="City.cpp">
      <Filter>Sources\LevelGeneration</Filter>
    </ClCompile>
    <ClCompile Include="Zone.cpp">
      <Filter>Sources\LevelGeneration</Filter>
    </ClCompile>
    <ClCompile Include="Tree.cpp">
      <Filter>Sources\TreeDatastructure</Filter>
    </ClCompile>
    <ClCompile Include="TreeNode.cpp">
      <Filter>Sources\TreeDatastructure</Filter>
    </ClCompile>
    <ClCompile Include="GenericContainer.cpp">
      <Filter>Sources\Quest\QuestContent</Filter>
    </ClCompile>
    <ClCompile Include="QuestManager.cpp">
      <Filter>Sources\Quest</Filter>
    </ClCompile>
    <ClCompile Include="ActionContainer.cpp">
      <Filter>Sources\Quest</Filter>
    </ClCompile>
    <ClCompile Include="StrategyContainer.cpp">
      <Filter>Sources\Quest</Filter>
    </ClCompile>
    <ClCompile Include="IdleState.cpp">
      <Filter>Sources\Finite State Machines\States</Filter>
    </ClCompile>
    <ClCompile Include="BaseNpc.cpp">
      <Filter>Sources\Characters</Filter>
    </ClCompile>
    <ClCompile Include="BasicEnemy.cpp">
      <Filter>Sources\Characters</Filter>
    </ClCompile>
    <ClCompile Include="State.cpp">
      <Filter>Sources\Finite State Machines</Filter>
    </ClCompile>
    <ClCompile Include="Character.cpp">
      <Filter>Sources\Characters</Filter>
    </ClCompile>
    <ClCompile Include="StateMachine.cpp">
      <Filter>Sources\Finite State Machines</Filter>
    </ClCompile>
    <ClCompile Include="FloatRange.cpp">
      <Filter>Sources\Characters</Filter>
    </ClCompile>
    <ClCompile Include="Npc.cpp">
      <Filter>Sources\Characters</Filter>
    </ClCompile>
    <ClCompile Include="Player.cpp">
      <Filter>Sources\Characters</Filter>
    </ClCompile>
    <ClCompile Include="Quest.cpp">
      <Filter>Sources\Quest</Filter>
    </ClCompile>
    <ClCompile Include="Node.cpp">
      <Filter>Sources</Filter>
    </ClCompile>
    <ClCompile Include="QuestGenerator.cpp">
      <Filter>Sources\Quest</Filter>
    </ClCompile>
    <ClCompile Include="Spawner.cpp">
      <Filter>Sources\Characters</Filter>
    </ClCompile>
    <ClCompile Include="PlayerDamageUpgrade.cpp">
      <Filter>Sources\Decorator\Player</Filter>
    </ClCompile>
    <ClCompile Include="PlayerEquipment.cpp">
      <Filter>Sources\Decorator\Player</Filter>
    </ClCompile>
    <ClCompile Include="PlayerHealthUpgrade.cpp">
      <Filter>Sources\Decorator\Player</Filter>
    </ClCompile>
    <ClCompile Include="SoundManager.cpp">
      <Filter>Sources\Managers</Filter>
    </ClCompile>
    <ClCompile Include="PlayerUpgrade.cpp">
      <Filter>Sources\Decorator\Player</Filter>
    </ClCompile>
    <ClCompile Include="EnemyUpgrade.cpp">
      <Filter>Sources\Decorator\Enemy</Filter>
    </ClCompile>
    <ClCompile Include="EnemyEquipment.cpp">
      <Filter>Sources\Decorator\Enemy</Filter>
    </ClCompile>
    <ClCompile Include="Debug.cpp">
      <Filter>Sources\Debug</Filter>
    </ClCompile>
    <ClCompile Include="IQuestContent.cpp">
      <Filter>Sources\Quest</Filter>
    </ClCompile>
    <ClCompile Include="QuestItem.cpp">
      <Filter>Sources\Quest</Filter>
    </ClCompile>
    <ClCompile Include="WanderState.cpp">
      <Filter>Sources\Finite State Machines\States</Filter>
    </ClCompile>
    <ClCompile Include="EnemyFollowState.cpp">
      <Filter>Sources\Finite State Machines\States</Filter>
    </ClCompile>
    <ClCompile Include="EnemyAttackState.cpp">
      <Filter>Sources\Finite State Machines\States</Filter>
    </ClCompile>
    <ClCompile Include="EnemyMoveAroundCenterState.cpp">
      <Filter>Sources\Finite State Machines\States</Filter>
    </ClCompile>
    <ClCompile Include="Action.cpp">
      <Filter>Sources\Quest</Filter>
    </ClCompile>
    <ClCompile Include="PreSomethingThere.cpp">
      <Filter>Sources\Quest\Conditions\Pre</Filter>
    </ClCompile>
    <ClCompile Include="PostCondition.cpp">
      <Filter>Sources\Quest\Conditions\Post</Filter>
    </ClCompile>
    <ClCompile Include="PostYouHaveItem.cpp">
      <Filter>Sources\Quest\Conditions\Post</Filter>
    </ClCompile>
    <ClCompile Include="PreKnowWhereToGo.cpp">
      <Filter>Sources\Quest\Conditions\Pre</Filter>
    </ClCompile>
    <ClCompile Include="PostYouThere.cpp">
      <Filter>Sources\Quest\Conditions\Post</Filter>
    </ClCompile>
    <ClCompile Include="PreSomebodyThere.cpp">
      <Filter>Sources\Quest\Conditions\Pre</Filter>
    </ClCompile>
    <ClCompile Include="PreYouItemOfInterest.cpp">
      <Filter>Sources\Quest\Conditions\Pre</Filter>
    </ClCompile>
    <ClCompile Include="PostTheyHaveItem.cpp">
      <Filter>Sources\Quest\Conditions\Post</Filter>
    </ClCompile>
    <ClCompile Include="PostYouInfo.cpp">
      <Filter>Sources\Quest\Conditions\Post</Filter>
    </ClCompile>
    <ClCompile Include="PostTheyInfo.cpp">
      <Filter>Sources\Quest\Conditions\Post</Filter>
    </ClCompile>
    <ClCompile Include="PostTheyDead.cpp">
      <Filter>Sources\Quest\Conditions\Post</Filter>
    </ClCompile>
  </ItemGroup>
  <ItemGroup>
    <ClInclude Include="UIManager.h">
      <Filter>Headers\Managers</Filter>
    </ClInclude>
    <ClInclude Include="LevelManager.h">
      <Filter>Headers\Managers</Filter>
    </ClInclude>
    <ClInclude Include="BaseApplication.h">
      <Filter>Headers\Managers</Filter>
    </ClInclude>
    <ClInclude Include="GameManager.h">
      <Filter>Headers\Managers</Filter>
    </ClInclude>
    <ClInclude Include="resource.h" />
    <ClInclude Include="State.h">
      <Filter>Headers\Finite State Machines</Filter>
    </ClInclude>
    <ClInclude Include="Needs.h">
      <Filter>Headers\Needs</Filter>
    </ClInclude>
    <ClInclude Include="QuestContentManager.h">
      <Filter>Headers\Quests\QuestContent</Filter>
    </ClInclude>
    <ClInclude Include="QuestItemGenerator.h">
      <Filter>Headers\Quests\QuestContent</Filter>
    </ClInclude>
    <ClInclude Include="QuestItemContainer.h">
      <Filter>Headers\Quests\QuestContent</Filter>
    </ClInclude>
    <ClInclude Include="tinyxml2.h">
      <Filter>Headers</Filter>
    </ClInclude>
    <ClInclude Include="Zone.h">
      <Filter>Headers\LevelGeneration</Filter>
    </ClInclude>
    <ClInclude Include="LevelGenerator.h">
      <Filter>Headers\LevelGeneration</Filter>
    </ClInclude>
    <ClInclude Include="City.h">
      <Filter>Headers\LevelGeneration</Filter>
    </ClInclude>
    <ClInclude Include="Tree.h">
      <Filter>Headers\TreeDatastructure</Filter>
    </ClInclude>
    <ClInclude Include="TreeNode.h">
      <Filter>Headers\TreeDatastructure</Filter>
    </ClInclude>
    <ClInclude Include="QuestManager.h">
      <Filter>Headers\Quests</Filter>
    </ClInclude>
    <ClInclude Include="IQuestContent.h">
      <Filter>Headers\Quests\QuestContent</Filter>
    </ClInclude>
    <ClInclude Include="BaseNpc.h">
      <Filter>Headers\Characters</Filter>
    </ClInclude>
    <ClInclude Include="BasicEnemy.h">
      <Filter>Headers\Characters</Filter>
    </ClInclude>
    <ClInclude Include="Character.h">
      <Filter>Headers\Characters</Filter>
    </ClInclude>
    <ClInclude Include="Npc.h">
      <Filter>Headers\Characters</Filter>
    </ClInclude>
    <ClInclude Include="Player.h">
      <Filter>Headers\Characters</Filter>
    </ClInclude>
    <ClInclude Include="Action.h">
      <Filter>Headers\Quests\QuestParts</Filter>
    </ClInclude>
    <ClInclude Include="ActionContainer.h">
      <Filter>Headers\Quests\QuestParts</Filter>
    </ClInclude>
    <ClInclude Include="Strategy.h">
      <Filter>Headers\Quests\QuestParts</Filter>
    </ClInclude>
    <ClInclude Include="StrategyContainer.h">
      <Filter>Headers\Quests\QuestParts</Filter>
    </ClInclude>
    <ClInclude Include="GenericContainer.h">
      <Filter>Headers\Quests\QuestParts</Filter>
    </ClInclude>
    <ClInclude Include="UIElements.h">
      <Filter>Headers\Managers</Filter>
    </ClInclude>
    <ClInclude Include="IdleState.h">
      <Filter>Headers\Finite State Machines\States</Filter>
    </ClInclude>
    <ClInclude Include="StateMachine.h">
      <Filter>Headers\Finite State Machines</Filter>
    </ClInclude>
    <ClInclude Include="QuestItem.h">
      <Filter>Headers\Quests\QuestContent</Filter>
    </ClInclude>
    <ClInclude Include="Quest.h">
      <Filter>Headers\Quests</Filter>
    </ClInclude>
    <ClInclude Include="QuestGenerator.h">
      <Filter>Headers\Quests</Filter>
    </ClInclude>
    <ClInclude Include="Node.h">
      <Filter>Headers</Filter>
    </ClInclude>
    <ClInclude Include="Spawner.h">
      <Filter>Headers\Characters</Filter>
    </ClInclude>
    <ClInclude Include="IDecorator.h">
      <Filter>Headers\Decorator</Filter>
    </ClInclude>
    <ClInclude Include="SoundManager.h">
      <Filter>Headers\Sounds</Filter>
    </ClInclude>
    <ClInclude Include="IPlayerEquipment.h">
      <Filter>Headers\Decorator\Player</Filter>
    </ClInclude>
    <ClInclude Include="PlayerDamageUpgrade.h">
      <Filter>Headers\Decorator\Player</Filter>
    </ClInclude>
    <ClInclude Include="PlayerEquipment.h">
      <Filter>Headers\Decorator\Player</Filter>
    </ClInclude>
    <ClInclude Include="PlayerHealthUpgrade.h">
      <Filter>Headers\Decorator\Player</Filter>
    </ClInclude>
    <ClInclude Include="PlayerUpgrade.h">
      <Filter>Headers\Decorator\Player</Filter>
    </ClInclude>
    <ClInclude Include="IEnemyEquipment.h">
      <Filter>Headers\Decorator\Enemy</Filter>
    </ClInclude>
    <ClInclude Include="EnemyEquipment.h">
      <Filter>Headers\Decorator\Enemy</Filter>
    </ClInclude>
    <ClInclude Include="EnemyUpgrade.h">
      <Filter>Headers\Decorator\Enemy</Filter>
    </ClInclude>
    <ClInclude Include="Debug.h">
      <Filter>Headers\Debug</Filter>
    </ClInclude>
    <ClInclude Include="WanderState.h">
      <Filter>Headers\Finite State Machines\States</Filter>
    </ClInclude>
    <ClInclude Include="EnemyFollowState.h">
      <Filter>Headers\Finite State Machines\States</Filter>
    </ClInclude>
    <ClInclude Include="EnemyAttackState.h">
      <Filter>Headers\Finite State Machines\States</Filter>
    </ClInclude>
    <ClInclude Include="EnemyMoveAroundCenterState.h">
      <Filter>Headers\Finite State Machines\States</Filter>
    </ClInclude>
    <ClInclude Include="PostCondition.h">
      <Filter>Headers\Quests\Conditions\Post</Filter>
    </ClInclude>
    <ClInclude Include="PreCondition.h">
      <Filter>Headers\Quests\Conditions\Pre</Filter>
    </ClInclude>
    <ClInclude Include="PreSomethingThere.h">
      <Filter>Headers\Quests\Conditions\Pre</Filter>
    </ClInclude>
    <ClInclude Include="PostYouHaveItem.h">
      <Filter>Headers\Quests\Conditions\Post</Filter>
    </ClInclude>
    <ClInclude Include="PreKnowWhereToGo.h">
      <Filter>Headers\Quests\Conditions\Pre</Filter>
    </ClInclude>
    <ClInclude Include="PostYouThere.h">
      <Filter>Headers\Quests\Conditions\Post</Filter>
    </ClInclude>
    <ClInclude Include="PreSomebodyThere.h">
      <Filter>Headers\Quests\Conditions\Pre</Filter>
    </ClInclude>
    <ClInclude Include="PreYouItemOfInterest.h">
      <Filter>Headers\Quests\Conditions\Pre</Filter>
    </ClInclude>
    <ClInclude Include="PostTheyHaveItem.h">
      <Filter>Headers\Quests\Conditions\Post</Filter>
    </ClInclude>
    <ClInclude Include="PostYouInfo.h">
      <Filter>Headers\Quests\Conditions\Post</Filter>
    </ClInclude>
    <ClInclude Include="PostTheyInfo.h">
      <Filter>Headers\Quests\Conditions\Post</Filter>
    </ClInclude>
    <ClInclude Include="PostTheyDead.h">
      <Filter>Headers\Quests\Conditions\Post</Filter>
    </ClInclude>
  </ItemGroup>
  <ItemGroup>
    <None Include="GameObjStandard.cg" />
    <None Include="Resources\materials\scripts\UI.material" />
    <None Include="Resources\materials\textures\greenBox.jpg" />
    <None Include="Resources\materials\textures\greyBox.jpg" />
    <None Include="Resources\materials\textures\yellowBox.jpg" />
    <None Include="testMaterial.material" />
    <None Include="DialogText.txt" />
    <None Include="ClassDiagram.cd" />
  </ItemGroup>
  <ItemGroup>
    <Filter Include="Headers">
      <UniqueIdentifier>{ba6bcfdd-646e-451c-a5b8-ba792be3b0f3}</UniqueIdentifier>
    </Filter>
    <Filter Include="Sources">
      <UniqueIdentifier>{45d97e07-f55c-450d-9e53-280d9c82188a}</UniqueIdentifier>
    </Filter>
    <Filter Include="Sources\Managers">
      <UniqueIdentifier>{cd111b08-fc3b-484f-83c8-95e2f1401686}</UniqueIdentifier>
    </Filter>
    <Filter Include="Headers\Managers">
      <UniqueIdentifier>{a6f4ae2c-c966-4d22-a76c-f36d11010b43}</UniqueIdentifier>
    </Filter>
    <Filter Include="Headers\Needs">
      <UniqueIdentifier>{6e9bfbbe-52d5-4f0b-b346-6cf303ea85a3}</UniqueIdentifier>
    </Filter>
    <Filter Include="Sources\LevelGeneration">
      <UniqueIdentifier>{4496d5fd-f0d4-4d38-823d-210e643542b6}</UniqueIdentifier>
    </Filter>
    <Filter Include="Headers\LevelGeneration">
      <UniqueIdentifier>{1a4bad47-ce67-4c37-a4af-db1eb930b8c5}</UniqueIdentifier>
    </Filter>
    <Filter Include="Headers\TreeDatastructure">
      <UniqueIdentifier>{f6751de5-7943-4b62-9e2a-36ed8343b8f6}</UniqueIdentifier>
    </Filter>
    <Filter Include="Sources\TreeDatastructure">
      <UniqueIdentifier>{99432b15-230d-40ae-8f8d-eb742dc805a4}</UniqueIdentifier>
    </Filter>
    <Filter Include="Sources\Finite State Machines">
      <UniqueIdentifier>{73632fde-c065-45a0-9305-62f918fd890a}</UniqueIdentifier>
    </Filter>
    <Filter Include="Sources\Finite State Machines\States">
      <UniqueIdentifier>{102eacb0-6164-45d4-a63e-7666afb991ca}</UniqueIdentifier>
    </Filter>
    <Filter Include="Headers\Quests">
      <UniqueIdentifier>{951eede9-628a-441b-864b-128e3329c271}</UniqueIdentifier>
    </Filter>
    <Filter Include="Headers\Quests\QuestContent">
      <UniqueIdentifier>{00e4bb5e-9f04-498a-ad5e-7802f8e9a5f2}</UniqueIdentifier>
    </Filter>
    <Filter Include="Headers\Characters">
      <UniqueIdentifier>{1b52370f-9b0e-4558-ac66-2da619f60e8d}</UniqueIdentifier>
    </Filter>
    <Filter Include="Headers\Quests\QuestParts">
      <UniqueIdentifier>{8f45cf93-133b-4cce-b1e7-dbbd72aa1c03}</UniqueIdentifier>
    </Filter>
    <Filter Include="Sources\Quest">
      <UniqueIdentifier>{68e2ae05-104f-4c19-bfa1-66b75cd2c6b3}</UniqueIdentifier>
    </Filter>
    <Filter Include="Sources\Quest\QuestContent">
      <UniqueIdentifier>{941f42a8-19a0-45a9-9d67-1dba844f3563}</UniqueIdentifier>
    </Filter>
    <Filter Include="Headers\Finite State Machines">
      <UniqueIdentifier>{08a08f48-5a8f-443d-9cc6-cb465548c300}</UniqueIdentifier>
    </Filter>
    <Filter Include="Headers\Finite State Machines\States">
      <UniqueIdentifier>{e3bcf980-6a31-413d-a1ee-fb3876c2f032}</UniqueIdentifier>
    </Filter>
    <Filter Include="Sources\Characters">
      <UniqueIdentifier>{68400f4b-a3b9-4d34-80e7-855e867963eb}</UniqueIdentifier>
    </Filter>
    <Filter Include="Headers\Decorator">
      <UniqueIdentifier>{bf0efc86-d99c-44fa-bf12-f988fea5f0d6}</UniqueIdentifier>
    </Filter>
    <Filter Include="Sources\Decorator">
      <UniqueIdentifier>{7db18d51-9a60-4101-9c17-5378814fbb31}</UniqueIdentifier>
    </Filter>
    <Filter Include="Headers\Sounds">
      <UniqueIdentifier>{478b5cf5-cd79-4dd9-a892-b38a48467cb2}</UniqueIdentifier>
    </Filter>
    <Filter Include="Headers\Decorator\Enemy">
      <UniqueIdentifier>{f754d37d-3531-4b53-acbf-0c6f19bcf871}</UniqueIdentifier>
    </Filter>
    <Filter Include="Headers\Debug">
      <UniqueIdentifier>{57138a32-2d17-4364-89f4-eb550dde5eab}</UniqueIdentifier>
    </Filter>
    <Filter Include="Headers\Decorator\Player">
      <UniqueIdentifier>{eb3b6379-a0db-4048-acb8-6e70e37478be}</UniqueIdentifier>
    </Filter>
    <Filter Include="Sources\Decorator\Enemy">
      <UniqueIdentifier>{22abe195-1cb8-40b8-b975-999a77ee670c}</UniqueIdentifier>
    </Filter>
    <Filter Include="Sources\Decorator\Player">
      <UniqueIdentifier>{ce14ca4a-d22c-404e-b5f9-b7988d54b704}</UniqueIdentifier>
    </Filter>
    <Filter Include="Sources\Debug">
      <UniqueIdentifier>{131fd51a-6c70-4a4d-a237-63b47a9046bd}</UniqueIdentifier>
    </Filter>
    <Filter Include="Sources\Quest\Conditions">
      <UniqueIdentifier>{3afe0aec-f614-4347-9caf-f287f0512ad6}</UniqueIdentifier>
    </Filter>
    <Filter Include="Headers\Quests\Conditions">
      <UniqueIdentifier>{a38153e5-3dc8-4eb5-b303-220b73a965e2}</UniqueIdentifier>
    </Filter>
    <Filter Include="Headers\Quests\Conditions\Pre">
      <UniqueIdentifier>{fbb2e245-a175-477f-9f2d-13ce345d3831}</UniqueIdentifier>
    </Filter>
    <Filter Include="Headers\Quests\Conditions\Post">
      <UniqueIdentifier>{a27962c8-c276-4980-b196-8a0aa70e1235}</UniqueIdentifier>
    </Filter>
    <Filter Include="Sources\Quest\Conditions\Pre">
      <UniqueIdentifier>{474f030c-8f84-448f-a36d-d0fa7b9b90fb}</UniqueIdentifier>
    </Filter>
    <Filter Include="Sources\Quest\Conditions\Post">
      <UniqueIdentifier>{840be4a2-36b6-41df-9c67-e1af9f35c10a}</UniqueIdentifier>
    </Filter>
  </ItemGroup>
  <ItemGroup>
    <ResourceCompile Include="Diabro.rc" />
  </ItemGroup>
</Project>